
Microsoft Visual Studio Solution File, Format Version 12.00
# Visual Studio 2012
Project("{FAE04EC0-301F-11D3-BF4B-00C04F79EFBC}") = "EGift.Testing", "EGift.Testing\EGift.Testing.csproj", "{79B05ABA-F4BD-4E30-954B-A9D92CB99C3F}"
EndProject
Project("{FAE04EC0-301F-11D3-BF4B-00C04F79EFBC}") = "MatchParenthesis", "MatchParenthesis\MatchParenthesis.csproj", "{C8C27FC5-96E0-4EA4-94BB-4999BE0AC244}"
EndProject
Global
	GlobalSection(SolutionConfigurationPlatforms) = preSolution
		Debug|Any CPU = Debug|Any CPU
		Release|Any CPU = Release|Any CPU
	EndGlobalSection
	GlobalSection(ProjectConfigurationPlatforms) = postSolution
		{79B05ABA-F4BD-4E30-954B-A9D92CB99C3F}.Debug|Any CPU.ActiveCfg = Debug|Any CPU
		{79B05ABA-F4BD-4E30-954B-A9D92CB99C3F}.Debug|Any CPU.Build.0 = Debug|Any CPU
		{79B05ABA-F4BD-4E30-954B-A9D92CB99C3F}.Release|Any CPU.ActiveCfg = Release|Any CPU
		{79B05ABA-F4BD-4E30-954B-A9D92CB99C3F}.Release|Any CPU.Build.0 = Release|Any CPU
		{C8C27FC5-96E0-4EA4-94BB-4999BE0AC244}.Debug|Any CPU.ActiveCfg = Debug|Any CPU
		{C8C27FC5-96E0-4EA4-94BB-4999BE0AC244}.Debug|Any CPU.Build.0 = Debug|Any CPU
		{C8C27FC5-96E0-4EA4-94BB-4999BE0AC244}.Release|Any CPU.ActiveCfg = Release|Any CPU
		{C8C27FC5-96E0-4EA4-94BB-4999BE0AC244}.Release|Any CPU.Build.0 = Release|Any CPU
	EndGlobalSection
	GlobalSection(SolutionProperties) = preSolution
		HideSolutionNode = FALSE
	EndGlobalSection
EndGlobal
